// !$*UTF8*$!
{
	archiveVersion = 1;
	classes = {
	};
	objectVersion = 55;
	objects = {

/* Begin PBXBuildFile section */
		50531826778A33498DD8E227 /* Pods_LifeSum.framework in Frameworks */ = {isa = PBXBuildFile; fileRef = 87560B352BD93C924F52249E /* Pods_LifeSum.framework */; };
		D66086F92871A36400AD967D /* AppDelegate.swift in Sources */ = {isa = PBXBuildFile; fileRef = D66086F82871A36400AD967D /* AppDelegate.swift */; };
		D66086FB2871A36400AD967D /* SceneDelegate.swift in Sources */ = {isa = PBXBuildFile; fileRef = D66086FA2871A36400AD967D /* SceneDelegate.swift */; };
		D66086FD2871A36400AD967D /* MainVC.swift in Sources */ = {isa = PBXBuildFile; fileRef = D66086FC2871A36400AD967D /* MainVC.swift */; };
		D66087002871A36400AD967D /* Main.storyboard in Resources */ = {isa = PBXBuildFile; fileRef = D66086FE2871A36400AD967D /* Main.storyboard */; };
		D66087022871A36800AD967D /* Assets.xcassets in Resources */ = {isa = PBXBuildFile; fileRef = D66087012871A36800AD967D /* Assets.xcassets */; };
		D66087052871A36800AD967D /* LaunchScreen.storyboard in Resources */ = {isa = PBXBuildFile; fileRef = D66087032871A36800AD967D /* LaunchScreen.storyboard */; };
		D660870D2871A48B00AD967D /* BaseVC.swift in Sources */ = {isa = PBXBuildFile; fileRef = D660870C2871A48B00AD967D /* BaseVC.swift */; };
		D66087132871A70800AD967D /* FoodResponse.swift in Sources */ = {isa = PBXBuildFile; fileRef = D66087122871A70800AD967D /* FoodResponse.swift */; };
		D66087152871AA3C00AD967D /* BaseRequestWorker.swift in Sources */ = {isa = PBXBuildFile; fileRef = D66087142871AA3C00AD967D /* BaseRequestWorker.swift */; };
		D66087172871AD0B00AD967D /* FoodMatchWorker.swift in Sources */ = {isa = PBXBuildFile; fileRef = D66087162871AD0B00AD967D /* FoodMatchWorker.swift */; };
		D660871A2871B71B00AD967D /* FoodChart.swift in Sources */ = {isa = PBXBuildFile; fileRef = D66087192871B71B00AD967D /* FoodChart.swift */; };
		D66087242871CAB300AD967D /* LabelExtension.swift in Sources */ = {isa = PBXBuildFile; fileRef = D66087232871CAB300AD967D /* LabelExtension.swift */; };
		D66087272871F79F00AD967D /* AppData.swift in Sources */ = {isa = PBXBuildFile; fileRef = D66087262871F79F00AD967D /* AppData.swift */; };
/* End PBXBuildFile section */

/* Begin PBXFileReference section */
		72F585B3E0EDE005F6A5697A /* Pods-LifeSum.debug.xcconfig */ = {isa = PBXFileReference; includeInIndex = 1; lastKnownFileType = text.xcconfig; name = "Pods-LifeSum.debug.xcconfig"; path = "Target Support Files/Pods-LifeSum/Pods-LifeSum.debug.xcconfig"; sourceTree = "<group>"; };
		87560B352BD93C924F52249E /* Pods_LifeSum.framework */ = {isa = PBXFileReference; explicitFileType = wrapper.framework; includeInIndex = 0; path = Pods_LifeSum.framework; sourceTree = BUILT_PRODUCTS_DIR; };
		D66086F52871A36400AD967D /* LifeSum.app */ = {isa = PBXFileReference; explicitFileType = wrapper.application; includeInIndex = 0; path = LifeSum.app; sourceTree = BUILT_PRODUCTS_DIR; };
		D66086F82871A36400AD967D /* AppDelegate.swift */ = {isa = PBXFileReference; lastKnownFileType = sourcecode.swift; path = AppDelegate.swift; sourceTree = "<group>"; };
		D66086FA2871A36400AD967D /* SceneDelegate.swift */ = {isa = PBXFileReference; lastKnownFileType = sourcecode.swift; path = SceneDelegate.swift; sourceTree = "<group>"; };
		D66086FC2871A36400AD967D /* MainVC.swift */ = {isa = PBXFileReference; lastKnownFileType = sourcecode.swift; path = MainVC.swift; sourceTree = "<group>"; };
		D66086FF2871A36400AD967D /* Base */ = {isa = PBXFileReference; lastKnownFileType = file.storyboard; name = Base; path = Base.lproj/Main.storyboard; sourceTree = "<group>"; };
		D66087012871A36800AD967D /* Assets.xcassets */ = {isa = PBXFileReference; lastKnownFileType = folder.assetcatalog; path = Assets.xcassets; sourceTree = "<group>"; };
		D66087042871A36800AD967D /* Base */ = {isa = PBXFileReference; lastKnownFileType = file.storyboard; name = Base; path = Base.lproj/LaunchScreen.storyboard; sourceTree = "<group>"; };
		D66087062871A36800AD967D /* Info.plist */ = {isa = PBXFileReference; lastKnownFileType = text.plist.xml; path = Info.plist; sourceTree = "<group>"; };
		D660870C2871A48B00AD967D /* BaseVC.swift */ = {isa = PBXFileReference; lastKnownFileType = sourcecode.swift; path = BaseVC.swift; sourceTree = "<group>"; };
		D66087122871A70800AD967D /* FoodResponse.swift */ = {isa = PBXFileReference; lastKnownFileType = sourcecode.swift; path = FoodResponse.swift; sourceTree = "<group>"; };
		D66087142871AA3C00AD967D /* BaseRequestWorker.swift */ = {isa = PBXFileReference; lastKnownFileType = sourcecode.swift; path = BaseRequestWorker.swift; sourceTree = "<group>"; };
		D66087162871AD0B00AD967D /* FoodMatchWorker.swift */ = {isa = PBXFileReference; lastKnownFileType = sourcecode.swift; path = FoodMatchWorker.swift; sourceTree = "<group>"; };
		D66087192871B71B00AD967D /* FoodChart.swift */ = {isa = PBXFileReference; lastKnownFileType = sourcecode.swift; path = FoodChart.swift; sourceTree = "<group>"; };
		D66087232871CAB300AD967D /* LabelExtension.swift */ = {isa = PBXFileReference; lastKnownFileType = sourcecode.swift; path = LabelExtension.swift; sourceTree = "<group>"; };
		D66087262871F79F00AD967D /* AppData.swift */ = {isa = PBXFileReference; lastKnownFileType = sourcecode.swift; path = AppData.swift; sourceTree = "<group>"; };
		D66B3EFB3FBA3F1B5D2340A5 /* Pods-LifeSum.release.xcconfig */ = {isa = PBXFileReference; includeInIndex = 1; lastKnownFileType = text.xcconfig; name = "Pods-LifeSum.release.xcconfig"; path = "Target Support Files/Pods-LifeSum/Pods-LifeSum.release.xcconfig"; sourceTree = "<group>"; };
/* End PBXFileReference section */

/* Begin PBXFrameworksBuildPhase section */
		D66086F22871A36400AD967D /* Frameworks */ = {
			isa = PBXFrameworksBuildPhase;
			buildActionMask = 2147483647;
			files = (
				50531826778A33498DD8E227 /* Pods_LifeSum.framework in Frameworks */,
			);
			runOnlyForDeploymentPostprocessing = 0;
		};
/* End PBXFrameworksBuildPhase section */

/* Begin PBXGroup section */
		2035706C2C4F67AB64DAC0D9 /* Pods */ = {
			isa = PBXGroup;
			children = (
				72F585B3E0EDE005F6A5697A /* Pods-LifeSum.debug.xcconfig */,
				D66B3EFB3FBA3F1B5D2340A5 /* Pods-LifeSum.release.xcconfig */,
			);
			path = Pods;
			sourceTree = "<group>";
		};
		A48286D8337E757402BE192F /* Frameworks */ = {
			isa = PBXGroup;
			children = (
				87560B352BD93C924F52249E /* Pods_LifeSum.framework */,
			);
			name = Frameworks;
			sourceTree = "<group>";
		};
		D66086EC2871A36400AD967D = {
			isa = PBXGroup;
			children = (
				D66086F72871A36400AD967D /* LifeSum */,
				D66086F62871A36400AD967D /* Products */,
				2035706C2C4F67AB64DAC0D9 /* Pods */,
				A48286D8337E757402BE192F /* Frameworks */,
			);
			sourceTree = "<group>";
		};
		D66086F62871A36400AD967D /* Products */ = {
			isa = PBXGroup;
			children = (
				D66086F52871A36400AD967D /* LifeSum.app */,
			);
			name = Products;
			sourceTree = "<group>";
		};
		D66086F72871A36400AD967D /* LifeSum */ = {
			isa = PBXGroup;
			children = (
				D66086F82871A36400AD967D /* AppDelegate.swift */,
				D66086FA2871A36400AD967D /* SceneDelegate.swift */,
				D660870C2871A48B00AD967D /* BaseVC.swift */,
				D66086FC2871A36400AD967D /* MainVC.swift */,
				D66087252871F78D00AD967D /* FoodDatas */,
				D66087222871CAA400AD967D /* Extensions */,
				D66087182871B6FE00AD967D /* SubView */,
				D66087112871A6ED00AD967D /* Network */,
				D66086FE2871A36400AD967D /* Main.storyboard */,
				D66087012871A36800AD967D /* Assets.xcassets */,
				D66087032871A36800AD967D /* LaunchScreen.storyboard */,
				D66087062871A36800AD967D /* Info.plist */,
			);
			path = LifeSum;
			sourceTree = "<group>";
		};
		D660870E2871A6BB00AD967D /* ViewModels */ = {
			isa = PBXGroup;
			children = (
				D66087122871A70800AD967D /* FoodResponse.swift */,
			);
			path = ViewModels;
			sourceTree = "<group>";
		};
		D66087102871A6D600AD967D /* Worker */ = {
			isa = PBXGroup;
			children = (
				D66087142871AA3C00AD967D /* BaseRequestWorker.swift */,
				D66087162871AD0B00AD967D /* FoodMatchWorker.swift */,
			);
			path = Worker;
			sourceTree = "<group>";
		};
		D66087112871A6ED00AD967D /* Network */ = {
			isa = PBXGroup;
			children = (
				D660870E2871A6BB00AD967D /* ViewModels */,
				D66087102871A6D600AD967D /* Worker */,
			);
			path = Network;
			sourceTree = "<group>";
		};
		D66087182871B6FE00AD967D /* SubView */ = {
			isa = PBXGroup;
			children = (
				D66087192871B71B00AD967D /* FoodChart.swift */,
			);
			path = SubView;
			sourceTree = "<group>";
		};
		D66087222871CAA400AD967D /* Extensions */ = {
			isa = PBXGroup;
			children = (
				D66087232871CAB300AD967D /* LabelExtension.swift */,
			);
			path = Extensions;
			sourceTree = "<group>";
		};
		D66087252871F78D00AD967D /* FoodDatas */ = {
			isa = PBXGroup;
			children = (
				D66087262871F79F00AD967D /* AppData.swift */,
			);
			path = FoodDatas;
			sourceTree = "<group>";
		};
/* End PBXGroup section */

/* Begin PBXNativeTarget section */
		D66086F42871A36400AD967D /* LifeSum */ = {
			isa = PBXNativeTarget;
			buildConfigurationList = D66087092871A36800AD967D /* Build configuration list for PBXNativeTarget "LifeSum" */;
			buildPhases = (
				622093BE184106EE08AB8D61 /* [CP] Check Pods Manifest.lock */,
				D66086F12871A36400AD967D /* Sources */,
				D66086F22871A36400AD967D /* Frameworks */,
				D66086F32871A36400AD967D /* Resources */,
				CA65047F9A64B58551FFF499 /* [CP] Embed Pods Frameworks */,
			);
			buildRules = (
			);
			dependencies = (
			);
			name = LifeSum;
			productName = LifeSum;
			productReference = D66086F52871A36400AD967D /* LifeSum.app */;
			productType = "com.apple.product-type.application";
		};
/* End PBXNativeTarget section */

/* Begin PBXProject section */
		D66086ED2871A36400AD967D /* Project object */ = {
			isa = PBXProject;
			attributes = {
				BuildIndependentTargetsInParallel = 1;
				LastSwiftUpdateCheck = 1340;
				LastUpgradeCheck = 1340;
				TargetAttributes = {
					D66086F42871A36400AD967D = {
						CreatedOnToolsVersion = 13.4.1;
					};
				};
			};
			buildConfigurationList = D66086F02871A36400AD967D /* Build configuration list for PBXProject "LifeSum" */;
			compatibilityVersion = "Xcode 13.0";
			developmentRegion = en;
			hasScannedForEncodings = 0;
			knownRegions = (
				en,
				Base,
			);
			mainGroup = D66086EC2871A36400AD967D;
			productRefGroup = D66086F62871A36400AD967D /* Products */;
			projectDirPath = "";
			projectRoot = "";
			targets = (
				D66086F42871A36400AD967D /* LifeSum */,
			);
		};
/* End PBXProject section */

/* Begin PBXResourcesBuildPhase section */
		D66086F32871A36400AD967D /* Resources */ = {
			isa = PBXResourcesBuildPhase;
			buildActionMask = 2147483647;
			files = (
				D66087052871A36800AD967D /* LaunchScreen.storyboard in Resources */,
				D66087022871A36800AD967D /* Assets.xcassets in Resources */,
				D66087002871A36400AD967D /* Main.storyboard in Resources */,
			);
			runOnlyForDeploymentPostprocessing = 0;
		};
/* End PBXResourcesBuildPhase section */

/* Begin PBXShellScriptBuildPhase section */
		622093BE184106EE08AB8D61 /* [CP] Check Pods Manifest.lock */ = {
			isa = PBXShellScriptBuildPhase;
			buildActionMask = 2147483647;
			files = (
			);
			inputFileListPaths = (
			);
			inputPaths = (
				"${PODS_PODFILE_DIR_PATH}/Podfile.lock",
				"${PODS_ROOT}/Manifest.lock",
			);
			name = "[CP] Check Pods Manifest.lock";
			outputFileListPaths = (
			);
			outputPaths = (
				"$(DERIVED_FILE_DIR)/Pods-LifeSum-checkManifestLockResult.txt",
			);
			runOnlyForDeploymentPostprocessing = 0;
			shellPath = /bin/sh;
			shellScript = "diff \"${PODS_PODFILE_DIR_PATH}/Podfile.lock\" \"${PODS_ROOT}/Manifest.lock\" > /dev/null\nif [ $? != 0 ] ; then\n    # print error to STDERR\n    echo \"error: The sandbox is not in sync with the Podfile.lock. Run 'pod install' or update your CocoaPods installation.\" >&2\n    exit 1\nfi\n# This output is used by Xcode 'outputs' to avoid re-running this script phase.\necho \"SUCCESS\" > \"${SCRIPT_OUTPUT_FILE_0}\"\n";
			showEnvVarsInLog = 0;
		};
		CA65047F9A64B58551FFF499 /* [CP] Embed Pods Frameworks */ = {
			isa = PBXShellScriptBuildPhase;
			buildActionMask = 2147483647;
			files = (
			);
			inputFileListPaths = (
				"${PODS_ROOT}/Target Support Files/Pods-LifeSum/Pods-LifeSum-frameworks-${CONFIGURATION}-input-files.xcfilelist",
			);
			name = "[CP] Embed Pods Frameworks";
			outputFileListPaths = (
				"${PODS_ROOT}/Target Support Files/Pods-LifeSum/Pods-LifeSum-frameworks-${CONFIGURATION}-output-files.xcfilelist",
			);
			runOnlyForDeploymentPostprocessing = 0;
			shellPath = /bin/sh;
			shellScript = "\"${PODS_ROOT}/Target Support Files/Pods-LifeSum/Pods-LifeSum-frameworks.sh\"\n";
			showEnvVarsInLog = 0;
		};
/* End PBXShellScriptBuildPhase section */

/* Begin PBXSourcesBuildPhase section */
		D66086F12871A36400AD967D /* Sources */ = {
			isa = PBXSourcesBuildPhase;
			buildActionMask = 2147483647;
			files = (
				D66086FD2871A36400AD967D /* MainVC.swift in Sources */,
				D66086F92871A36400AD967D /* AppDelegate.swift in Sources */,
				D66087152871AA3C00AD967D /* BaseRequestWorker.swift in Sources */,
				D66086FB2871A36400AD967D /* SceneDelegate.swift in Sources */,
				D660871A2871B71B00AD967D /* FoodChart.swift in Sources */,
				D66087242871CAB300AD967D /* LabelExtension.swift in Sources */,
				D66087172871AD0B00AD967D /* FoodMatchWorker.swift in Sources */,
				D66087132871A70800AD967D /* FoodResponse.swift in Sources */,
				D660870D2871A48B00AD967D /* BaseVC.swift in Sources */,
				D66087272871F79F00AD967D /* AppData.swift in Sources */,
			);
			runOnlyForDeploymentPostprocessing = 0;
		};
/* End PBXSourcesBuildPhase section */

/* Begin PBXVariantGroup section */
		D66086FE2871A36400AD967D /* Main.storyboard */ = {
			isa = PBXVariantGroup;
			children = (
				D66086FF2871A36400AD967D /* Base */,
			);
			name = Main.storyboard;
			sourceTree = "<group>";
		};
		D66087032871A36800AD967D /* LaunchScreen.storyboard */ = {
			isa = PBXVariantGroup;
			children = (
				D66087042871A36800AD967D /* Base */,
			);
			name = LaunchScreen.storyboard;
			sourceTree = "<group>";
		};
/* End PBXVariantGroup section */

/* Begin XCBuildConfiguration section */
		D66087072871A36800AD967D /* Debug */ = {
			isa = XCBuildConfiguration;
			buildSettings = {
				ALWAYS_SEARCH_USER_PATHS = NO;
				CLANG_ANALYZER_NONNULL = YES;
				CLANG_ANALYZER_NUMBER_OBJECT_CONVERSION = YES_AGGRESSIVE;
				CLANG_CXX_LANGUAGE_STANDARD = "gnu++17";
				CLANG_ENABLE_MODULES = YES;
				CLANG_ENABLE_OBJC_ARC = YES;
				CLANG_ENABLE_OBJC_WEAK = YES;
				CLANG_WARN_BLOCK_CAPTURE_AUTORELEASING = YES;
				CLANG_WARN_BOOL_CONVERSION = YES;
				CLANG_WARN_COMMA = YES;
				CLANG_WARN_CONSTANT_CONVERSION = YES;
				CLANG_WARN_DEPRECATED_OBJC_IMPLEMENTATIONS = YES;
				CLANG_WARN_DIRECT_OBJC_ISA_USAGE = YES_ERROR;
				CLANG_WARN_DOCUMENTATION_COMMENTS = YES;
				CLANG_WARN_EMPTY_BODY = YES;
				CLANG_WARN_ENUM_CONVERSION = YES;
				CLANG_WARN_INFINITE_RECURSION = YES;
				CLANG_WARN_INT_CONVERSION = YES;
				CLANG_WARN_NON_LITERAL_NULL_CONVERSION = YES;
				CLANG_WARN_OBJC_IMPLICIT_RETAIN_SELF = YES;
				CLANG_WARN_OBJC_LITERAL_CONVERSION = YES;
				CLANG_WARN_OBJC_ROOT_CLASS = YES_ERROR;
				CLANG_WARN_QUOTED_INCLUDE_IN_FRAMEWORK_HEADER = YES;
				CLANG_WARN_RANGE_LOOP_ANALYSIS = YES;
				CLANG_WARN_STRICT_PROTOTYPES = YES;
				CLANG_WARN_SUSPICIOUS_MOVE = YES;
				CLANG_WARN_UNGUARDED_AVAILABILITY = YES_AGGRESSIVE;
				CLANG_WARN_UNREACHABLE_CODE = YES;
				CLANG_WARN__DUPLICATE_METHOD_MATCH = YES;
				COPY_PHASE_STRIP = NO;
				DEBUG_INFORMATION_FORMAT = dwarf;
				ENABLE_STRICT_OBJC_MSGSEND = YES;
				ENABLE_TESTABILITY = YES;
				GCC_C_LANGUAGE_STANDARD = gnu11;
				GCC_DYNAMIC_NO_PIC = NO;
				GCC_NO_COMMON_BLOCKS = YES;
				GCC_OPTIMIZATION_LEVEL = 0;
				GCC_PREPROCESSOR_DEFINITIONS = (
					"DEBUG=1",
					"$(inherited)",
				);
				GCC_WARN_64_TO_32_BIT_CONVERSION = YES;
				GCC_WARN_ABOUT_RETURN_TYPE = YES_ERROR;
				GCC_WARN_UNDECLARED_SELECTOR = YES;
				GCC_WARN_UNINITIALIZED_AUTOS = YES_AGGRESSIVE;
				GCC_WARN_UNUSED_FUNCTION = YES;
				GCC_WARN_UNUSED_VARIABLE = YES;
				IPHONEOS_DEPLOYMENT_TARGET = 11.0;
				MTL_ENABLE_DEBUG_INFO = INCLUDE_SOURCE;
				MTL_FAST_MATH = YES;
				ONLY_ACTIVE_ARCH = YES;
				SDKROOT = iphoneos;
				SWIFT_ACTIVE_COMPILATION_CONDITIONS = DEBUG;
				SWIFT_OPTIMIZATION_LEVEL = "-Onone";
			};
			name = Debug;
		};
		D66087082871A36800AD967D /* Release */ = {
			isa = XCBuildConfiguration;
			buildSettings = {
				ALWAYS_SEARCH_USER_PATHS = NO;
				CLANG_ANALYZER_NONNULL = YES;
				CLANG_ANALYZER_NUMBER_OBJECT_CONVERSION = YES_AGGRESSIVE;
				CLANG_CXX_LANGUAGE_STANDARD = "gnu++17";
				CLANG_ENABLE_MODULES = YES;
				CLANG_ENABLE_OBJC_ARC = YES;
				CLANG_ENABLE_OBJC_WEAK = YES;
				CLANG_WARN_BLOCK_CAPTURE_AUTORELEASING = YES;
				CLANG_WARN_BOOL_CONVERSION = YES;
				CLANG_WARN_COMMA = YES;
				CLANG_WARN_CONSTANT_CONVERSION = YES;
				CLANG_WARN_DEPRECATED_OBJC_IMPLEMENTATIONS = YES;
				CLANG_WARN_DIRECT_OBJC_ISA_USAGE = YES_ERROR;
				CLANG_WARN_DOCUMENTATION_COMMENTS = YES;
				CLANG_WARN_EMPTY_BODY = YES;
				CLANG_WARN_ENUM_CONVERSION = YES;
				CLANG_WARN_INFINITE_RECURSION = YES;
				CLANG_WARN_INT_CONVERSION = YES;
				CLANG_WARN_NON_LITERAL_NULL_CONVERSION = YES;
				CLANG_WARN_OBJC_IMPLICIT_RETAIN_SELF = YES;
				CLANG_WARN_OBJC_LITERAL_CONVERSION = YES;
				CLANG_WARN_OBJC_ROOT_CLASS = YES_ERROR;
				CLANG_WARN_QUOTED_INCLUDE_IN_FRAMEWORK_HEADER = YES;
				CLANG_WARN_RANGE_LOOP_ANALYSIS = YES;
				CLANG_WARN_STRICT_PROTOTYPES = YES;
				CLANG_WARN_SUSPICIOUS_MOVE = YES;
				CLANG_WARN_UNGUARDED_AVAILABILITY = YES_AGGRESSIVE;
				CLANG_WARN_UNREACHABLE_CODE = YES;
				CLANG_WARN__DUPLICATE_METHOD_MATCH = YES;
				COPY_PHASE_STRIP = NO;
				DEBUG_INFORMATION_FORMAT = "dwarf-with-dsym";
				ENABLE_NS_ASSERTIONS = NO;
				ENABLE_STRICT_OBJC_MSGSEND = YES;
				GCC_C_LANGUAGE_STANDARD = gnu11;
				GCC_NO_COMMON_BLOCKS = YES;
				GCC_WARN_64_TO_32_BIT_CONVERSION = YES;
				GCC_WARN_ABOUT_RETURN_TYPE = YES_ERROR;
				GCC_WARN_UNDECLARED_SELECTOR = YES;
				GCC_WARN_UNINITIALIZED_AUTOS = YES_AGGRESSIVE;
				GCC_WARN_UNUSED_FUNCTION = YES;
				GCC_WARN_UNUSED_VARIABLE = YES;
				IPHONEOS_DEPLOYMENT_TARGET = 11.0;
				MTL_ENABLE_DEBUG_INFO = NO;
				MTL_FAST_MATH = YES;
				SDKROOT = iphoneos;
				SWIFT_COMPILATION_MODE = wholemodule;
				SWIFT_OPTIMIZATION_LEVEL = "-O";
				VALIDATE_PRODUCT = YES;
			};
			name = Release;
		};
		D660870A2871A36800AD967D /* Debug */ = {
			isa = XCBuildConfiguration;
			baseConfigurationReference = 72F585B3E0EDE005F6A5697A /* Pods-LifeSum.debug.xcconfig */;
			buildSettings = {
				ASSETCATALOG_COMPILER_APPICON_NAME = AppIcon;
				ASSETCATALOG_COMPILER_GLOBAL_ACCENT_COLOR_NAME = AccentColor;
				CODE_SIGN_STYLE = Automatic;
				CURRENT_PROJECT_VERSION = 1;
				DEVELOPMENT_TEAM = U3H93S7M6C;
				GENERATE_INFOPLIST_FILE = YES;
				INFOPLIST_FILE = LifeSum/Info.plist;
				INFOPLIST_KEY_UIApplicationSupportsIndirectInputEvents = YES;
				INFOPLIST_KEY_UILaunchStoryboardName = LaunchScreen;
				INFOPLIST_KEY_UIMainStoryboardFile = Main;
				INFOPLIST_KEY_UISupportedInterfaceOrientations_iPad = "UIInterfaceOrientationPortrait UIInterfaceOrientationPortraitUpsideDown UIInterfaceOrientationLandscapeLeft UIInterfaceOrientationLandscapeRight";
				INFOPLIST_KEY_UISupportedInterfaceOrientations_iPhone = "UIInterfaceOrientationPortrait UIInterfaceOrientationLandscapeLeft UIInterfaceOrientationLandscapeRight";
				LD_RUNPATH_SEARCH_PATHS = (
					"$(inherited)",
					"@executable_path/Frameworks",
				);
				MARKETING_VERSION = 1.0;
				PRODUCT_BUNDLE_IDENTIFIER = arksigner.LifeSum;
				PRODUCT_NAME = "$(TARGET_NAME)";
				SWIFT_EMIT_LOC_STRINGS = YES;
				SWIFT_VERSION = 5.0;
				TARGETED_DEVICE_FAMILY = "1,2";
			};
			name = Debug;
		};
		D660870B2871A36800AD967D /* Release */ = {
			isa = XCBuildConfiguration;
			baseConfigurationReference = D66B3EFB3FBA3F1B5D2340A5 /* Pods-LifeSum.release.xcconfig */;
			buildSettings = {
				ASSETCATALOG_COMPILER_APPICON_NAME = AppIcon;
				ASSETCATALOG_COMPILER_GLOBAL_ACCENT_COLOR_NAME = AccentColor;
				CODE_SIGN_STYLE = Automatic;
				CURRENT_PROJECT_VERSION = 1;
				DEVELOPMENT_TEAM = U3H93S7M6C;
				GENERATE_INFOPLIST_FILE = YES;
				INFOPLIST_FILE = LifeSum/Info.plist;
				INFOPLIST_KEY_UIApplicationSupportsIndirectInputEvents = YES;
				INFOPLIST_KEY_UILaunchStoryboardName = LaunchScreen;
				INFOPLIST_KEY_UIMainStoryboardFile = Main;
				INFOPLIST_KEY_UISupportedInterfaceOrientations_iPad = "UIInterfaceOrientationPortrait UIInterfaceOrientationPortraitUpsideDown UIInterfaceOrientationLandscapeLeft UIInterfaceOrientationLandscapeRight";
				INFOPLIST_KEY_UISupportedInterfaceOrientations_iPhone = "UIInterfaceOrientationPortrait UIInterfaceOrientationLandscapeLeft UIInterfaceOrientationLandscapeRight";
				LD_RUNPATH_SEARCH_PATHS = (
					"$(inherited)",
					"@executable_path/Frameworks",
				);
				MARKETING_VERSION = 1.0;
				PRODUCT_BUNDLE_IDENTIFIER = arksigner.LifeSum;
				PRODUCT_NAME = "$(TARGET_NAME)";
				SWIFT_EMIT_LOC_STRINGS = YES;
				SWIFT_VERSION = 5.0;
				TARGETED_DEVICE_FAMILY = "1,2";
			};
			name = Release;
		};
/* End XCBuildConfiguration section */

/* Begin XCConfigurationList section */
		D66086F02871A36400AD967D /* Build configuration list for PBXProject "LifeSum" */ = {
			isa = XCConfigurationList;
			buildConfigurations = (
				D66087072871A36800AD967D /* Debug */,
				D66087082871A36800AD967D /* Release */,
			);
			defaultConfigurationIsVisible = 0;
			defaultConfigurationName = Release;
		};
		D66087092871A36800AD967D /* Build configuration list for PBXNativeTarget "LifeSum" */ = {
			isa = XCConfigurationList;
			buildConfigurations = (
				D660870A2871A36800AD967D /* Debug */,
				D660870B2871A36800AD967D /* Release */,
			);
			defaultConfigurationIsVisible = 0;
			defaultConfigurationName = Release;
		};
/* End XCConfigurationList section */
	};
	rootObject = D66086ED2871A36400AD967D /* Project object */;
}
